
Microsoft Visual Studio Solution File, Format Version 12.00
# Visual Studio Version 16
VisualStudioVersion = 16.0.30204.135
MinimumVisualStudioVersion = 10.0.40219.1
Project("{9A19103F-16F7-4668-BE54-9A1E7A4F7556}") = "ChefKnivesBotLib", "ChefKnivesBotLib\ChefKnivesBotLib.csproj", "{87F6BCC2-D51B-43B7-AC3B-128E8B5F864E}"
EndProject
Project("{9A19103F-16F7-4668-BE54-9A1E7A4F7556}") = "ChefKnivesBotLib.Test", "ChefKnivesBotLib.Test\ChefKnivesBotLib.Test.csproj", "{74F3C576-39FB-4B26-B629-E6942ABDFD3E}"
EndProject
Project("{9A19103F-16F7-4668-BE54-9A1E7A4F7556}") = "ChefKnivesBotWeb", "ChefKnivesBotWeb\ChefKnivesBotWeb.csproj", "{B4FA0D27-046B-421F-B133-C51761A0894F}"
EndProject
Project("{9A19103F-16F7-4668-BE54-9A1E7A4F7556}") = "ChefknivesBot.DataAccess.Tests", "ChefKnivesCommentsTest\ChefknivesBot.DataAccess.Tests.csproj", "{8BF598AB-CF53-4D8C-BF35-CDA7F489F6CD}"
EndProject
Project("{FAE04EC0-301F-11D3-BF4B-00C04F79EFBC}") = "ChefKnivesBot.Lib", "ChefKnivesBot.Lib\ChefKnivesBot.Lib.csproj", "{D41133CF-885A-4A2F-8935-F4D1D226BC9F}"
EndProject
Project("{FAE04EC0-301F-11D3-BF4B-00C04F79EFBC}") = "ChefKnivesBot.Data", "ChefKnivesBot.Data\ChefKnivesBot.Data.csproj", "{1D574E30-E306-4BAE-AAF1-11720ECA0527}"
EndProject
Project("{FAE04EC0-301F-11D3-BF4B-00C04F79EFBC}") = "ChefKnivesBot.DataAccess", "ChefKnivesBot.DataAccess\ChefKnivesBot.DataAccess.csproj", "{BB94D368-080A-47EC-BBC5-6B452162A5F7}"
EndProject
Project("{2150E333-8FDC-42A3-9474-1A3956D46DE8}") = "Tests", "Tests", "{4F6ECC43-9A40-4CC1-859D-8BE380BD6516}"
EndProject
Global
	GlobalSection(SolutionConfigurationPlatforms) = preSolution
		Debug|Any CPU = Debug|Any CPU
		Release|Any CPU = Release|Any CPU
	EndGlobalSection
	GlobalSection(ProjectConfigurationPlatforms) = postSolution
		{87F6BCC2-D51B-43B7-AC3B-128E8B5F864E}.Debug|Any CPU.ActiveCfg = Debug|Any CPU
		{87F6BCC2-D51B-43B7-AC3B-128E8B5F864E}.Debug|Any CPU.Build.0 = Debug|Any CPU
		{87F6BCC2-D51B-43B7-AC3B-128E8B5F864E}.Release|Any CPU.ActiveCfg = Release|Any CPU
		{87F6BCC2-D51B-43B7-AC3B-128E8B5F864E}.Release|Any CPU.Build.0 = Release|Any CPU
		{74F3C576-39FB-4B26-B629-E6942ABDFD3E}.Debug|Any CPU.ActiveCfg = Debug|Any CPU
		{74F3C576-39FB-4B26-B629-E6942ABDFD3E}.Debug|Any CPU.Build.0 = Debug|Any CPU
		{74F3C576-39FB-4B26-B629-E6942ABDFD3E}.Release|Any CPU.ActiveCfg = Release|Any CPU
		{74F3C576-39FB-4B26-B629-E6942ABDFD3E}.Release|Any CPU.Build.0 = Release|Any CPU
		{B4FA0D27-046B-421F-B133-C51761A0894F}.Debug|Any CPU.ActiveCfg = Debug|Any CPU
		{B4FA0D27-046B-421F-B133-C51761A0894F}.Debug|Any CPU.Build.0 = Debug|Any CPU
		{B4FA0D27-046B-421F-B133-C51761A0894F}.Release|Any CPU.ActiveCfg = Release|Any CPU
		{B4FA0D27-046B-421F-B133-C51761A0894F}.Release|Any CPU.Build.0 = Release|Any CPU
		{8BF598AB-CF53-4D8C-BF35-CDA7F489F6CD}.Debug|Any CPU.ActiveCfg = Debug|Any CPU
		{8BF598AB-CF53-4D8C-BF35-CDA7F489F6CD}.Debug|Any CPU.Build.0 = Debug|Any CPU
		{8BF598AB-CF53-4D8C-BF35-CDA7F489F6CD}.Release|Any CPU.ActiveCfg = Release|Any CPU
		{8BF598AB-CF53-4D8C-BF35-CDA7F489F6CD}.Release|Any CPU.Build.0 = Release|Any CPU
		{D41133CF-885A-4A2F-8935-F4D1D226BC9F}.Debug|Any CPU.ActiveCfg = Debug|Any CPU
		{D41133CF-885A-4A2F-8935-F4D1D226BC9F}.Debug|Any CPU.Build.0 = Debug|Any CPU
		{D41133CF-885A-4A2F-8935-F4D1D226BC9F}.Release|Any CPU.ActiveCfg = Release|Any CPU
		{D41133CF-885A-4A2F-8935-F4D1D226BC9F}.Release|Any CPU.Build.0 = Release|Any CPU
		{1D574E30-E306-4BAE-AAF1-11720ECA0527}.Debug|Any CPU.ActiveCfg = Debug|Any CPU
		{1D574E30-E306-4BAE-AAF1-11720ECA0527}.Debug|Any CPU.Build.0 = Debug|Any CPU
		{1D574E30-E306-4BAE-AAF1-11720ECA0527}.Release|Any CPU.ActiveCfg = Release|Any CPU
		{1D574E30-E306-4BAE-AAF1-11720ECA0527}.Release|Any CPU.Build.0 = Release|Any CPU
		{BB94D368-080A-47EC-BBC5-6B452162A5F7}.Debug|Any CPU.ActiveCfg = Debug|Any CPU
		{BB94D368-080A-47EC-BBC5-6B452162A5F7}.Debug|Any CPU.Build.0 = Debug|Any CPU
		{BB94D368-080A-47EC-BBC5-6B452162A5F7}.Release|Any CPU.ActiveCfg = Release|Any CPU
		{BB94D368-080A-47EC-BBC5-6B452162A5F7}.Release|Any CPU.Build.0 = Release|Any CPU
	EndGlobalSection
	GlobalSection(SolutionProperties) = preSolution
		HideSolutionNode = FALSE
	EndGlobalSection
	GlobalSection(NestedProjects) = preSolution
		{8BF598AB-CF53-4D8C-BF35-CDA7F489F6CD} = {4F6ECC43-9A40-4CC1-859D-8BE380BD6516}
	EndGlobalSection
	GlobalSection(ExtensibilityGlobals) = postSolution
		SolutionGuid = {7C3C08FB-04F0-4145-B1A4-0309C4D436CE}
	EndGlobalSection
EndGlobal
